// !$*UTF8*$!
{
	archiveVersion = 1;
	classes = {
	};
	objectVersion = 50;
	objects = {

/* Begin PBXBuildFile section */
		203306142267B965000A7764 /* AppDelegate.swift in Sources */ = {isa = PBXBuildFile; fileRef = 203306132267B965000A7764 /* AppDelegate.swift */; };
		203306162267B965000A7764 /* ViewController.swift in Sources */ = {isa = PBXBuildFile; fileRef = 203306152267B965000A7764 /* ViewController.swift */; };
		203306192267B965000A7764 /* Main.storyboard in Resources */ = {isa = PBXBuildFile; fileRef = 203306172267B965000A7764 /* Main.storyboard */; };
		2033061B2267B967000A7764 /* Assets.xcassets in Resources */ = {isa = PBXBuildFile; fileRef = 2033061A2267B967000A7764 /* Assets.xcassets */; };
		2033061E2267B967000A7764 /* LaunchScreen.storyboard in Resources */ = {isa = PBXBuildFile; fileRef = 2033061C2267B967000A7764 /* LaunchScreen.storyboard */; };
		203306262267BB06000A7764 /* UnselectableTextView.swift in Sources */ = {isa = PBXBuildFile; fileRef = 203306252267BB06000A7764 /* UnselectableTextView.swift */; };
		203306282268BCC9000A7764 /* BubbleView.swift in Sources */ = {isa = PBXBuildFile; fileRef = 203306272268BCC9000A7764 /* BubbleView.swift */; };
		FA48230A2274A83D007F7BFB /* InputTextField.swift in Sources */ = {isa = PBXBuildFile; fileRef = FA4823092274A83D007F7BFB /* InputTextField.swift */; };
/* End PBXBuildFile section */

/* Begin PBXFileReference section */
		203306102267B965000A7764 /* MenuItemTester.app */ = {isa = PBXFileReference; explicitFileType = wrapper.application; includeInIndex = 0; path = MenuItemTester.app; sourceTree = BUILT_PRODUCTS_DIR; };
		203306132267B965000A7764 /* AppDelegate.swift */ = {isa = PBXFileReference; lastKnownFileType = sourcecode.swift; path = AppDelegate.swift; sourceTree = "<group>"; };
		203306152267B965000A7764 /* ViewController.swift */ = {isa = PBXFileReference; lastKnownFileType = sourcecode.swift; path = ViewController.swift; sourceTree = "<group>"; };
		203306182267B965000A7764 /* Base */ = {isa = PBXFileReference; lastKnownFileType = file.storyboard; name = Base; path = Base.lproj/Main.storyboard; sourceTree = "<group>"; };
		2033061A2267B967000A7764 /* Assets.xcassets */ = {isa = PBXFileReference; lastKnownFileType = folder.assetcatalog; path = Assets.xcassets; sourceTree = "<group>"; };
		2033061D2267B967000A7764 /* Base */ = {isa = PBXFileReference; lastKnownFileType = file.storyboard; name = Base; path = Base.lproj/LaunchScreen.storyboard; sourceTree = "<group>"; };
		2033061F2267B967000A7764 /* Info.plist */ = {isa = PBXFileReference; lastKnownFileType = text.plist.xml; path = Info.plist; sourceTree = "<group>"; };
		203306252267BB06000A7764 /* UnselectableTextView.swift */ = {isa = PBXFileReference; lastKnownFileType = sourcecode.swift; path = UnselectableTextView.swift; sourceTree = "<group>"; };
		203306272268BCC9000A7764 /* BubbleView.swift */ = {isa = PBXFileReference; lastKnownFileType = sourcecode.swift; path = BubbleView.swift; sourceTree = "<group>"; };
		FA4823092274A83D007F7BFB /* InputTextField.swift */ = {isa = PBXFileReference; fileEncoding = 4; lastKnownFileType = sourcecode.swift; path = InputTextField.swift; sourceTree = "<group>"; };
/* End PBXFileReference section */

/* Begin PBXFrameworksBuildPhase section */
		2033060D2267B965000A7764 /* Frameworks */ = {
			isa = PBXFrameworksBuildPhase;
			buildActionMask = 2147483647;
			files = (
			);
			runOnlyForDeploymentPostprocessing = 0;
		};
/* End PBXFrameworksBuildPhase section */

/* Begin PBXGroup section */
		203306072267B965000A7764 = {
			isa = PBXGroup;
			children = (
				203306122267B965000A7764 /* MenuItemTester */,
				203306112267B965000A7764 /* Products */,
			);
			sourceTree = "<group>";
		};
		203306112267B965000A7764 /* Products */ = {
			isa = PBXGroup;
			children = (
				203306102267B965000A7764 /* MenuItemTester.app */,
			);
			name = Products;
			sourceTree = "<group>";
		};
		203306122267B965000A7764 /* MenuItemTester */ = {
			isa = PBXGroup;
			children = (
				203306132267B965000A7764 /* AppDelegate.swift */,
				203306152267B965000A7764 /* ViewController.swift */,
				203306272268BCC9000A7764 /* BubbleView.swift */,
				203306252267BB06000A7764 /* UnselectableTextView.swift */,
				FA4823092274A83D007F7BFB /* InputTextField.swift */,
				203306172267B965000A7764 /* Main.storyboard */,
				2033061A2267B967000A7764 /* Assets.xcassets */,
				2033061C2267B967000A7764 /* LaunchScreen.storyboard */,
				2033061F2267B967000A7764 /* Info.plist */,
			);
			path = MenuItemTester;
			sourceTree = "<group>";
		};
/* End PBXGroup section */

/* Begin PBXNativeTarget section */
		2033060F2267B965000A7764 /* MenuItemTester */ = {
			isa = PBXNativeTarget;
			buildConfigurationList = 203306222267B967000A7764 /* Build configuration list for PBXNativeTarget "MenuItemTester" */;
			buildPhases = (
				2033060C2267B965000A7764 /* Sources */,
				2033060D2267B965000A7764 /* Frameworks */,
				2033060E2267B965000A7764 /* Resources */,
			);
			buildRules = (
			);
			dependencies = (
			);
			name = MenuItemTester;
			productName = MenuItemTester;
			productReference = 203306102267B965000A7764 /* MenuItemTester.app */;
			productType = "com.apple.product-type.application";
		};
/* End PBXNativeTarget section */

/* Begin PBXProject section */
		203306082267B965000A7764 /* Project object */ = {
			isa = PBXProject;
			attributes = {
				LastSwiftUpdateCheck = 1020;
				LastUpgradeCheck = 1020;
				ORGANIZATIONNAME = "Alexander Persian ";
				TargetAttributes = {
					2033060F2267B965000A7764 = {
						CreatedOnToolsVersion = 10.2;
					};
				};
			};
			buildConfigurationList = 2033060B2267B965000A7764 /* Build configuration list for PBXProject "MenuItemTester" */;
			compatibilityVersion = "Xcode 9.3";
			developmentRegion = en;
			hasScannedForEncodings = 0;
			knownRegions = (
				en,
				Base,
			);
			mainGroup = 203306072267B965000A7764;
			productRefGroup = 203306112267B965000A7764 /* Products */;
			projectDirPath = "";
			projectRoot = "";
			targets = (
				2033060F2267B965000A7764 /* MenuItemTester */,
			);
		};
/* End PBXProject section */

/* Begin PBXResourcesBuildPhase section */
		2033060E2267B965000A7764 /* Resources */ = {
			isa = PBXResourcesBuildPhase;
			buildActionMask = 2147483647;
			files = (
				2033061E2267B967000A7764 /* LaunchScreen.storyboard in Resources */,
				2033061B2267B967000A7764 /* Assets.xcassets in Resources */,
				203306192267B965000A7764 /* Main.storyboard in Resources */,
			);
			runOnlyForDeploymentPostprocessing = 0;
		};
/* End PBXResourcesBuildPhase section */

/* Begin PBXSourcesBuildPhase section */
		2033060C2267B965000A7764 /* Sources */ = {
			isa = PBXSourcesBuildPhase;
			buildActionMask = 2147483647;
			files = (
				203306162267B965000A7764 /* ViewController.swift in Sources */,
				203306262267BB06000A7764 /* UnselectableTextView.swift in Sources */,
				FA48230A2274A83D007F7BFB /* InputTextField.swift in Sources */,
				203306282268BCC9000A7764 /* BubbleView.swift in Sources */,
				203306142267B965000A7764 /* AppDelegate.swift in Sources */,
			);
			runOnlyForDeploymentPostprocessing = 0;
		};
/* End PBXSourcesBuildPhase section */

/* Begin PBXVariantGroup section */
		203306172267B965000A7764 /* Main.storyboard */ = {
			isa = PBXVariantGroup;
			children = (
				203306182267B965000A7764 /* Base */,
			);
			name = Main.storyboard;
			sourceTree = "<group>";
		};
		2033061C2267B967000A7764 /* LaunchScreen.storyboard */ = {
			isa = PBXVariantGroup;
			children = (
				2033061D2267B967000A7764 /* Base */,
			);
			name = LaunchScreen.storyboard;
			sourceTree = "<group>";
		};
/* End PBXVariantGroup section */

/* Begin XCBuildConfiguration section */
		203306202267B967000A7764 /* Debug */ = {
			isa = XCBuildConfiguration;
			buildSettings = {
				ALWAYS_SEARCH_USER_PATHS = NO;
				CLANG_ANALYZER_NONNULL = YES;
				CLANG_ANALYZER_NUMBER_OBJECT_CONVERSION = YES_AGGRESSIVE;
				CLANG_CXX_LANGUAGE_STANDARD = "gnu++14";
				CLANG_CXX_LIBRARY = "libc++";
				CLANG_ENABLE_MODULES = YES;
				CLANG_ENABLE_OBJC_ARC = YES;
				CLANG_ENABLE_OBJC_WEAK = YES;
				CLANG_WARN_BLOCK_CAPTURE_AUTORELEASING = YES;
				CLANG_WARN_BOOL_CONVERSION = YES;
				CLANG_WARN_COMMA = YES;
				CLANG_WARN_CONSTANT_CONVERSION = YES;
				CLANG_WARN_DEPRECATED_OBJC_IMPLEMENTATIONS = YES;
				CLANG_WARN_DIRECT_OBJC_ISA_USAGE = YES_ERROR;
				CLANG_WARN_DOCUMENTATION_COMMENTS = YES;
				CLANG_WARN_EMPTY_BODY = YES;
				CLANG_WARN_ENUM_CONVERSION = YES;
				CLANG_WARN_INFINITE_RECURSION = YES;
				CLANG_WARN_INT_CONVERSION = YES;
				CLANG_WARN_NON_LITERAL_NULL_CONVERSION = YES;
				CLANG_WARN_OBJC_IMPLICIT_RETAIN_SELF = YES;
				CLANG_WARN_OBJC_LITERAL_CONVERSION = YES;
				CLANG_WARN_OBJC_ROOT_CLASS = YES_ERROR;
				CLANG_WARN_RANGE_LOOP_ANALYSIS = YES;
				CLANG_WARN_STRICT_PROTOTYPES = YES;
				CLANG_WARN_SUSPICIOUS_MOVE = YES;
				CLANG_WARN_UNGUARDED_AVAILABILITY = YES_AGGRESSIVE;
				CLANG_WARN_UNREACHABLE_CODE = YES;
				CLANG_WARN__DUPLICATE_METHOD_MATCH = YES;
				CODE_SIGN_IDENTITY = "iPhone Developer";
				COPY_PHASE_STRIP = NO;
				DEBUG_INFORMATION_FORMAT = dwarf;
				ENABLE_STRICT_OBJC_MSGSEND = YES;
				ENABLE_TESTABILITY = YES;
				GCC_C_LANGUAGE_STANDARD = gnu11;
				GCC_DYNAMIC_NO_PIC = NO;
				GCC_NO_COMMON_BLOCKS = YES;
				GCC_OPTIMIZATION_LEVEL = 0;
				GCC_PREPROCESSOR_DEFINITIONS = (
					"DEBUG=1",
					"$(inherited)",
				);
				GCC_WARN_64_TO_32_BIT_CONVERSION = YES;
				GCC_WARN_ABOUT_RETURN_TYPE = YES_ERROR;
				GCC_WARN_UNDECLARED_SELECTOR = YES;
				GCC_WARN_UNINITIALIZED_AUTOS = YES_AGGRESSIVE;
				GCC_WARN_UNUSED_FUNCTION = YES;
				GCC_WARN_UNUSED_VARIABLE = YES;
				IPHONEOS_DEPLOYMENT_TARGET = 12.2;
				MTL_ENABLE_DEBUG_INFO = INCLUDE_SOURCE;
				MTL_FAST_MATH = YES;
				ONLY_ACTIVE_ARCH = YES;
				SDKROOT = iphoneos;
				SWIFT_ACTIVE_COMPILATION_CONDITIONS = DEBUG;
				SWIFT_OPTIMIZATION_LEVEL = "-Onone";
			};
			name = Debug;
		};
		203306212267B967000A7764 /* Release */ = {
			isa = XCBuildConfiguration;
			buildSettings = {
				ALWAYS_SEARCH_USER_PATHS = NO;
				CLANG_ANALYZER_NONNULL = YES;
				CLANG_ANALYZER_NUMBER_OBJECT_CONVERSION = YES_AGGRESSIVE;
				CLANG_CXX_LANGUAGE_STANDARD = "gnu++14";
				CLANG_CXX_LIBRARY = "libc++";
				CLANG_ENABLE_MODULES = YES;
				CLANG_ENABLE_OBJC_ARC = YES;
				CLANG_ENABLE_OBJC_WEAK = YES;
				CLANG_WARN_BLOCK_CAPTURE_AUTORELEASING = YES;
				CLANG_WARN_BOOL_CONVERSION = YES;
				CLANG_WARN_COMMA = YES;
				CLANG_WARN_CONSTANT_CONVERSION = YES;
				CLANG_WARN_DEPRECATED_OBJC_IMPLEMENTATIONS = YES;
				CLANG_WARN_DIRECT_OBJC_ISA_USAGE = YES_ERROR;
				CLANG_WARN_DOCUMENTATION_COMMENTS = YES;
				CLANG_WARN_EMPTY_BODY = YES;
				CLANG_WARN_ENUM_CONVERSION = YES;
				CLANG_WARN_INFINITE_RECURSION = YES;
				CLANG_WARN_INT_CONVERSION = YES;
				CLANG_WARN_NON_LITERAL_NULL_CONVERSION = YES;
				CLANG_WARN_OBJC_IMPLICIT_RETAIN_SELF = YES;
				CLANG_WARN_OBJC_LITERAL_CONVERSION = YES;
				CLANG_WARN_OBJC_ROOT_CLASS = YES_ERROR;
				CLANG_WARN_RANGE_LOOP_ANALYSIS = YES;
				CLANG_WARN_STRICT_PROTOTYPES = YES;
				CLANG_WARN_SUSPICIOUS_MOVE = YES;
				CLANG_WARN_UNGUARDED_AVAILABILITY = YES_AGGRESSIVE;
				CLANG_WARN_UNREACHABLE_CODE = YES;
				CLANG_WARN__DUPLICATE_METHOD_MATCH = YES;
				CODE_SIGN_IDENTITY = "iPhone Developer";
				COPY_PHASE_STRIP = NO;
				DEBUG_INFORMATION_FORMAT = "dwarf-with-dsym";
				ENABLE_NS_ASSERTIONS = NO;
				ENABLE_STRICT_OBJC_MSGSEND = YES;
				GCC_C_LANGUAGE_STANDARD = gnu11;
				GCC_NO_COMMON_BLOCKS = YES;
				GCC_WARN_64_TO_32_BIT_CONVERSION = YES;
				GCC_WARN_ABOUT_RETURN_TYPE = YES_ERROR;
				GCC_WARN_UNDECLARED_SELECTOR = YES;
				GCC_WARN_UNINITIALIZED_AUTOS = YES_AGGRESSIVE;
				GCC_WARN_UNUSED_FUNCTION = YES;
				GCC_WARN_UNUSED_VARIABLE = YES;
				IPHONEOS_DEPLOYMENT_TARGET = 12.2;
				MTL_ENABLE_DEBUG_INFO = NO;
				MTL_FAST_MATH = YES;
				SDKROOT = iphoneos;
				SWIFT_COMPILATION_MODE = wholemodule;
				SWIFT_OPTIMIZATION_LEVEL = "-O";
				VALIDATE_PRODUCT = YES;
			};
			name = Release;
		};
		203306232267B967000A7764 /* Debug */ = {
			isa = XCBuildConfiguration;
			buildSettings = {
				ASSETCATALOG_COMPILER_APPICON_NAME = AppIcon;
				CODE_SIGN_STYLE = Automatic;
				INFOPLIST_FILE = MenuItemTester/Info.plist;
				LD_RUNPATH_SEARCH_PATHS = (
					"$(inherited)",
					"@executable_path/Frameworks",
				);
				PRODUCT_BUNDLE_IDENTIFIER = com.test.MenuItemTester;
				PRODUCT_NAME = "$(TARGET_NAME)";
				SWIFT_VERSION = 5.0;
				TARGETED_DEVICE_FAMILY = "1,2";
			};
			name = Debug;
		};
		203306242267B967000A7764 /* Release */ = {
			isa = XCBuildConfiguration;
			buildSettings = {
				ASSETCATALOG_COMPILER_APPICON_NAME = AppIcon;
				CODE_SIGN_STYLE = Automatic;
				INFOPLIST_FILE = MenuItemTester/Info.plist;
				LD_RUNPATH_SEARCH_PATHS = (
					"$(inherited)",
					"@executable_path/Frameworks",
				);
				PRODUCT_BUNDLE_IDENTIFIER = com.test.MenuItemTester;
				PRODUCT_NAME = "$(TARGET_NAME)";
				SWIFT_VERSION = 5.0;
				TARGETED_DEVICE_FAMILY = "1,2";
			};
			name = Release;
		};
/* End XCBuildConfiguration section */

/* Begin XCConfigurationList section */
		2033060B2267B965000A7764 /* Build configuration list for PBXProject "MenuItemTester" */ = {
			isa = XCConfigurationList;
			buildConfigurations = (
				203306202267B967000A7764 /* Debug */,
				203306212267B967000A7764 /* Release */,
			);
			defaultConfigurationIsVisible = 0;
			defaultConfigurationName = Release;
		};
		203306222267B967000A7764 /* Build configuration list for PBXNativeTarget "MenuItemTester" */ = {
			isa = XCConfigurationList;
			buildConfigurations = (
				203306232267B967000A7764 /* Debug */,
				203306242267B967000A7764 /* Release */,
			);
			defaultConfigurationIsVisible = 0;
			defaultConfigurationName = Release;
		};
/* End XCConfigurationList section */
	};
	rootObject = 203306082267B965000A7764 /* Project object */;
}
